// !$*UTF8*$!
{
	archiveVersion = 1;
	classes = {
	};
	objectVersion = 50;
	objects = {

/* Begin PBXBuildFile section */
		04DC72E63248927E845E4795 /* Pods_flixTests.framework in Frameworks */ = {isa = PBXBuildFile; fileRef = 6DAE40A55DF4F553B12F766F /* Pods_flixTests.framework */; };
		2377F1A39122B51FA63E9E98 /* Pods_flixUITests.framework in Frameworks */ = {isa = PBXBuildFile; fileRef = 2B6982CC574295F82582F255 /* Pods_flixUITests.framework */; };
		5AF824A4221BE1870096CE7A /* AppDelegate.swift in Sources */ = {isa = PBXBuildFile; fileRef = 5AF824A3221BE1870096CE7A /* AppDelegate.swift */; };
		5AF824A6221BE1870096CE7A /* ViewController.swift in Sources */ = {isa = PBXBuildFile; fileRef = 5AF824A5221BE1870096CE7A /* ViewController.swift */; };
		5AF824A9221BE1870096CE7A /* Main.storyboard in Resources */ = {isa = PBXBuildFile; fileRef = 5AF824A7221BE1870096CE7A /* Main.storyboard */; };
		5AF824AB221BE1890096CE7A /* Assets.xcassets in Resources */ = {isa = PBXBuildFile; fileRef = 5AF824AA221BE1890096CE7A /* Assets.xcassets */; };
		5AF824AE221BE1890096CE7A /* LaunchScreen.storyboard in Resources */ = {isa = PBXBuildFile; fileRef = 5AF824AC221BE1890096CE7A /* LaunchScreen.storyboard */; };
		5AF824B9221BE1890096CE7A /* flixTests.swift in Sources */ = {isa = PBXBuildFile; fileRef = 5AF824B8221BE1890096CE7A /* flixTests.swift */; };
		5AF824C4221BE1890096CE7A /* flixUITests.swift in Sources */ = {isa = PBXBuildFile; fileRef = 5AF824C3221BE1890096CE7A /* flixUITests.swift */; };
		5AF824D2221BE2140096CE7A /* MoviesViewController.swift in Sources */ = {isa = PBXBuildFile; fileRef = 5AF824D1221BE2140096CE7A /* MoviesViewController.swift */; };
		5AF824D4221BEAD40096CE7A /* MovieCell.swift in Sources */ = {isa = PBXBuildFile; fileRef = 5AF824D3221BEAD40096CE7A /* MovieCell.swift */; };
		A3AAA70486E30C34C31EFBCD /* Pods_flix.framework in Frameworks */ = {isa = PBXBuildFile; fileRef = CC758B33C4C41E5C87C6C6B0 /* Pods_flix.framework */; };
/* End PBXBuildFile section */

/* Begin PBXContainerItemProxy section */
		5AF824B5221BE1890096CE7A /* PBXContainerItemProxy */ = {
			isa = PBXContainerItemProxy;
			containerPortal = 5AF82498221BE1870096CE7A /* Project object */;
			proxyType = 1;
			remoteGlobalIDString = 5AF8249F221BE1870096CE7A;
			remoteInfo = flix;
		};
		5AF824C0221BE1890096CE7A /* PBXContainerItemProxy */ = {
			isa = PBXContainerItemProxy;
			containerPortal = 5AF82498221BE1870096CE7A /* Project object */;
			proxyType = 1;
			remoteGlobalIDString = 5AF8249F221BE1870096CE7A;
			remoteInfo = flix;
		};
/* End PBXContainerItemProxy section */

/* Begin PBXFileReference section */
		0614B29D23CE55577E318213 /* Pods-flixTests.debug.xcconfig */ = {isa = PBXFileReference; includeInIndex = 1; lastKnownFileType = text.xcconfig; name = "Pods-flixTests.debug.xcconfig"; path = "Target Support Files/Pods-flixTests/Pods-flixTests.debug.xcconfig"; sourceTree = "<group>"; };
		2B6982CC574295F82582F255 /* Pods_flixUITests.framework */ = {isa = PBXFileReference; explicitFileType = wrapper.framework; includeInIndex = 0; path = Pods_flixUITests.framework; sourceTree = BUILT_PRODUCTS_DIR; };
		47046C5309487CC8C71C676A /* Pods-flixUITests.debug.xcconfig */ = {isa = PBXFileReference; includeInIndex = 1; lastKnownFileType = text.xcconfig; name = "Pods-flixUITests.debug.xcconfig"; path = "Target Support Files/Pods-flixUITests/Pods-flixUITests.debug.xcconfig"; sourceTree = "<group>"; };
		5AF824A0221BE1870096CE7A /* flix.app */ = {isa = PBXFileReference; explicitFileType = wrapper.application; includeInIndex = 0; path = flix.app; sourceTree = BUILT_PRODUCTS_DIR; };
		5AF824A3221BE1870096CE7A /* AppDelegate.swift */ = {isa = PBXFileReference; lastKnownFileType = sourcecode.swift; path = AppDelegate.swift; sourceTree = "<group>"; };
		5AF824A5221BE1870096CE7A /* ViewController.swift */ = {isa = PBXFileReference; lastKnownFileType = sourcecode.swift; path = ViewController.swift; sourceTree = "<group>"; };
		5AF824A8221BE1870096CE7A /* Base */ = {isa = PBXFileReference; lastKnownFileType = file.storyboard; name = Base; path = Base.lproj/Main.storyboard; sourceTree = "<group>"; };
		5AF824AA221BE1890096CE7A /* Assets.xcassets */ = {isa = PBXFileReference; lastKnownFileType = folder.assetcatalog; path = Assets.xcassets; sourceTree = "<group>"; };
		5AF824AD221BE1890096CE7A /* Base */ = {isa = PBXFileReference; lastKnownFileType = file.storyboard; name = Base; path = Base.lproj/LaunchScreen.storyboard; sourceTree = "<group>"; };
		5AF824AF221BE1890096CE7A /* Info.plist */ = {isa = PBXFileReference; lastKnownFileType = text.plist.xml; path = Info.plist; sourceTree = "<group>"; };
		5AF824B4221BE1890096CE7A /* flixTests.xctest */ = {isa = PBXFileReference; explicitFileType = wrapper.cfbundle; includeInIndex = 0; path = flixTests.xctest; sourceTree = BUILT_PRODUCTS_DIR; };
		5AF824B8221BE1890096CE7A /* flixTests.swift */ = {isa = PBXFileReference; lastKnownFileType = sourcecode.swift; path = flixTests.swift; sourceTree = "<group>"; };
		5AF824BA221BE1890096CE7A /* Info.plist */ = {isa = PBXFileReference; lastKnownFileType = text.plist.xml; path = Info.plist; sourceTree = "<group>"; };
		5AF824BF221BE1890096CE7A /* flixUITests.xctest */ = {isa = PBXFileReference; explicitFileType = wrapper.cfbundle; includeInIndex = 0; path = flixUITests.xctest; sourceTree = BUILT_PRODUCTS_DIR; };
		5AF824C3221BE1890096CE7A /* flixUITests.swift */ = {isa = PBXFileReference; lastKnownFileType = sourcecode.swift; path = flixUITests.swift; sourceTree = "<group>"; };
		5AF824C5221BE1890096CE7A /* Info.plist */ = {isa = PBXFileReference; lastKnownFileType = text.plist.xml; path = Info.plist; sourceTree = "<group>"; };
		5AF824D1221BE2140096CE7A /* MoviesViewController.swift */ = {isa = PBXFileReference; lastKnownFileType = sourcecode.swift; path = MoviesViewController.swift; sourceTree = "<group>"; };
		5AF824D3221BEAD40096CE7A /* MovieCell.swift */ = {isa = PBXFileReference; lastKnownFileType = sourcecode.swift; path = MovieCell.swift; sourceTree = "<group>"; };
		6DAE40A55DF4F553B12F766F /* Pods_flixTests.framework */ = {isa = PBXFileReference; explicitFileType = wrapper.framework; includeInIndex = 0; path = Pods_flixTests.framework; sourceTree = BUILT_PRODUCTS_DIR; };
		BDB880BC1F3026B61DACDDD6 /* Pods-flix.release.xcconfig */ = {isa = PBXFileReference; includeInIndex = 1; lastKnownFileType = text.xcconfig; name = "Pods-flix.release.xcconfig"; path = "Target Support Files/Pods-flix/Pods-flix.release.xcconfig"; sourceTree = "<group>"; };
		CC758B33C4C41E5C87C6C6B0 /* Pods_flix.framework */ = {isa = PBXFileReference; explicitFileType = wrapper.framework; includeInIndex = 0; path = Pods_flix.framework; sourceTree = BUILT_PRODUCTS_DIR; };
		CD610C02BFCD9EC271C1A637 /* Pods-flixUITests.release.xcconfig */ = {isa = PBXFileReference; includeInIndex = 1; lastKnownFileType = text.xcconfig; name = "Pods-flixUITests.release.xcconfig"; path = "Target Support Files/Pods-flixUITests/Pods-flixUITests.release.xcconfig"; sourceTree = "<group>"; };
		D854D0AB17708860322023E5 /* Pods-flix.debug.xcconfig */ = {isa = PBXFileReference; includeInIndex = 1; lastKnownFileType = text.xcconfig; name = "Pods-flix.debug.xcconfig"; path = "Target Support Files/Pods-flix/Pods-flix.debug.xcconfig"; sourceTree = "<group>"; };
		E2BA822E8DA386ECE0E058EB /* Pods-flixTests.release.xcconfig */ = {isa = PBXFileReference; includeInIndex = 1; lastKnownFileType = text.xcconfig; name = "Pods-flixTests.release.xcconfig"; path = "Target Support Files/Pods-flixTests/Pods-flixTests.release.xcconfig"; sourceTree = "<group>"; };
/* End PBXFileReference section */

/* Begin PBXFrameworksBuildPhase section */
		5AF8249D221BE1870096CE7A /* Frameworks */ = {
			isa = PBXFrameworksBuildPhase;
			buildActionMask = 2147483647;
			files = (
				A3AAA70486E30C34C31EFBCD /* Pods_flix.framework in Frameworks */,
			);
			runOnlyForDeploymentPostprocessing = 0;
		};
		5AF824B1221BE1890096CE7A /* Frameworks */ = {
			isa = PBXFrameworksBuildPhase;
			buildActionMask = 2147483647;
			files = (
				04DC72E63248927E845E4795 /* Pods_flixTests.framework in Frameworks */,
			);
			runOnlyForDeploymentPostprocessing = 0;
		};
		5AF824BC221BE1890096CE7A /* Frameworks */ = {
			isa = PBXFrameworksBuildPhase;
			buildActionMask = 2147483647;
			files = (
				2377F1A39122B51FA63E9E98 /* Pods_flixUITests.framework in Frameworks */,
			);
			runOnlyForDeploymentPostprocessing = 0;
		};
/* End PBXFrameworksBuildPhase section */

/* Begin PBXGroup section */
		1FA1470D0F9CC731D91DCC7F /* Pods */ = {
			isa = PBXGroup;
			children = (
				D854D0AB17708860322023E5 /* Pods-flix.debug.xcconfig */,
				BDB880BC1F3026B61DACDDD6 /* Pods-flix.release.xcconfig */,
				0614B29D23CE55577E318213 /* Pods-flixTests.debug.xcconfig */,
				E2BA822E8DA386ECE0E058EB /* Pods-flixTests.release.xcconfig */,
				47046C5309487CC8C71C676A /* Pods-flixUITests.debug.xcconfig */,
				CD610C02BFCD9EC271C1A637 /* Pods-flixUITests.release.xcconfig */,
			);
			name = Pods;
			path = Pods;
			sourceTree = "<group>";
		};
		5AF82497221BE1870096CE7A = {
			isa = PBXGroup;
			children = (
				5AF824A2221BE1870096CE7A /* flix */,
				5AF824B7221BE1890096CE7A /* flixTests */,
				5AF824C2221BE1890096CE7A /* flixUITests */,
				5AF824A1221BE1870096CE7A /* Products */,
				1FA1470D0F9CC731D91DCC7F /* Pods */,
				8035C9B10AB113A7B682E08E /* Frameworks */,
			);
			sourceTree = "<group>";
		};
		5AF824A1221BE1870096CE7A /* Products */ = {
			isa = PBXGroup;
			children = (
				5AF824A0221BE1870096CE7A /* flix.app */,
				5AF824B4221BE1890096CE7A /* flixTests.xctest */,
				5AF824BF221BE1890096CE7A /* flixUITests.xctest */,
			);
			name = Products;
			sourceTree = "<group>";
		};
		5AF824A2221BE1870096CE7A /* flix */ = {
			isa = PBXGroup;
			children = (
				5AF824A3221BE1870096CE7A /* AppDelegate.swift */,
				5AF824A5221BE1870096CE7A /* ViewController.swift */,
				5AF824A7221BE1870096CE7A /* Main.storyboard */,
				5AF824AA221BE1890096CE7A /* Assets.xcassets */,
				5AF824AC221BE1890096CE7A /* LaunchScreen.storyboard */,
				5AF824AF221BE1890096CE7A /* Info.plist */,
				5AF824D1221BE2140096CE7A /* MoviesViewController.swift */,
				5AF824D3221BEAD40096CE7A /* MovieCell.swift */,
			);
			path = flix;
			sourceTree = "<group>";
		};
		5AF824B7221BE1890096CE7A /* flixTests */ = {
			isa = PBXGroup;
			children = (
				5AF824B8221BE1890096CE7A /* flixTests.swift */,
				5AF824BA221BE1890096CE7A /* Info.plist */,
			);
			path = flixTests;
			sourceTree = "<group>";
		};
		5AF824C2221BE1890096CE7A /* flixUITests */ = {
			isa = PBXGroup;
			children = (
				5AF824C3221BE1890096CE7A /* flixUITests.swift */,
				5AF824C5221BE1890096CE7A /* Info.plist */,
			);
			path = flixUITests;
			sourceTree = "<group>";
		};
		8035C9B10AB113A7B682E08E /* Frameworks */ = {
			isa = PBXGroup;
			children = (
				CC758B33C4C41E5C87C6C6B0 /* Pods_flix.framework */,
				6DAE40A55DF4F553B12F766F /* Pods_flixTests.framework */,
				2B6982CC574295F82582F255 /* Pods_flixUITests.framework */,
			);
			name = Frameworks;
			sourceTree = "<group>";
		};
/* End PBXGroup section */

/* Begin PBXNativeTarget section */
		5AF8249F221BE1870096CE7A /* flix */ = {
			isa = PBXNativeTarget;
			buildConfigurationList = 5AF824C8221BE1890096CE7A /* Build configuration list for PBXNativeTarget "flix" */;
			buildPhases = (
				88FE2310AA120484A900659F /* [CP] Check Pods Manifest.lock */,
				5AF8249C221BE1870096CE7A /* Sources */,
				5AF8249D221BE1870096CE7A /* Frameworks */,
				5AF8249E221BE1870096CE7A /* Resources */,
				7E5A3A780B35E39362A3DA11 /* [CP] Embed Pods Frameworks */,
			);
			buildRules = (
			);
			dependencies = (
			);
			name = flix;
			productName = flix;
			productReference = 5AF824A0221BE1870096CE7A /* flix.app */;
			productType = "com.apple.product-type.application";
		};
		5AF824B3221BE1890096CE7A /* flixTests */ = {
			isa = PBXNativeTarget;
			buildConfigurationList = 5AF824CB221BE1890096CE7A /* Build configuration list for PBXNativeTarget "flixTests" */;
			buildPhases = (
				C196D1D8B2CA13BF17A15B81 /* [CP] Check Pods Manifest.lock */,
				5AF824B0221BE1890096CE7A /* Sources */,
				5AF824B1221BE1890096CE7A /* Frameworks */,
				5AF824B2221BE1890096CE7A /* Resources */,
			);
			buildRules = (
			);
			dependencies = (
				5AF824B6221BE1890096CE7A /* PBXTargetDependency */,
			);
			name = flixTests;
			productName = flixTests;
			productReference = 5AF824B4221BE1890096CE7A /* flixTests.xctest */;
			productType = "com.apple.product-type.bundle.unit-test";
		};
		5AF824BE221BE1890096CE7A /* flixUITests */ = {
			isa = PBXNativeTarget;
			buildConfigurationList = 5AF824CE221BE1890096CE7A /* Build configuration list for PBXNativeTarget "flixUITests" */;
			buildPhases = (
				D9DB0F28F16A7CE5A42836F8 /* [CP] Check Pods Manifest.lock */,
				5AF824BB221BE1890096CE7A /* Sources */,
				5AF824BC221BE1890096CE7A /* Frameworks */,
				5AF824BD221BE1890096CE7A /* Resources */,
			);
			buildRules = (
			);
			dependencies = (
				5AF824C1221BE1890096CE7A /* PBXTargetDependency */,
			);
			name = flixUITests;
			productName = flixUITests;
			productReference = 5AF824BF221BE1890096CE7A /* flixUITests.xctest */;
			productType = "com.apple.product-type.bundle.ui-testing";
		};
/* End PBXNativeTarget section */

/* Begin PBXProject section */
		5AF82498221BE1870096CE7A /* Project object */ = {
			isa = PBXProject;
			attributes = {
				LastSwiftUpdateCheck = 1010;
				LastUpgradeCheck = 1010;
				ORGANIZATIONNAME = "Kuiduan Zeng";
				TargetAttributes = {
					5AF8249F221BE1870096CE7A = {
						CreatedOnToolsVersion = 10.1;
					};
					5AF824B3221BE1890096CE7A = {
						CreatedOnToolsVersion = 10.1;
						TestTargetID = 5AF8249F221BE1870096CE7A;
					};
					5AF824BE221BE1890096CE7A = {
						CreatedOnToolsVersion = 10.1;
						TestTargetID = 5AF8249F221BE1870096CE7A;
					};
				};
			};
			buildConfigurationList = 5AF8249B221BE1870096CE7A /* Build configuration list for PBXProject "flix" */;
			compatibilityVersion = "Xcode 9.3";
			developmentRegion = en;
			hasScannedForEncodings = 0;
			knownRegions = (
				en,
				Base,
			);
			mainGroup = 5AF82497221BE1870096CE7A;
			productRefGroup = 5AF824A1221BE1870096CE7A /* Products */;
			projectDirPath = "";
			projectRoot = "";
			targets = (
				5AF8249F221BE1870096CE7A /* flix */,
				5AF824B3221BE1890096CE7A /* flixTests */,
				5AF824BE221BE1890096CE7A /* flixUITests */,
			);
		};
/* End PBXProject section */

/* Begin PBXResourcesBuildPhase section */
		5AF8249E221BE1870096CE7A /* Resources */ = {
			isa = PBXResourcesBuildPhase;
			buildActionMask = 2147483647;
			files = (
				5AF824AE221BE1890096CE7A /* LaunchScreen.storyboard in Resources */,
				5AF824AB221BE1890096CE7A /* Assets.xcassets in Resources */,
				5AF824A9221BE1870096CE7A /* Main.storyboard in Resources */,
			);
			runOnlyForDeploymentPostprocessing = 0;
		};
		5AF824B2221BE1890096CE7A /* Resources */ = {
			isa = PBXResourcesBuildPhase;
			buildActionMask = 2147483647;
			files = (
			);
			runOnlyForDeploymentPostprocessing = 0;
		};
		5AF824BD221BE1890096CE7A /* Resources */ = {
			isa = PBXResourcesBuildPhase;
			buildActionMask = 2147483647;
			files = (
			);
			runOnlyForDeploymentPostprocessing = 0;
		};
/* End PBXResourcesBuildPhase section */

/* Begin PBXShellScriptBuildPhase section */
		7E5A3A780B35E39362A3DA11 /* [CP] Embed Pods Frameworks */ = {
			isa = PBXShellScriptBuildPhase;
			buildActionMask = 2147483647;
			files = (
			);
			inputFileListPaths = (
			);
			inputPaths = (
				"${PODS_ROOT}/Target Support Files/Pods-flix/Pods-flix-frameworks.sh",
				"${BUILT_PRODUCTS_DIR}/Alamofire/Alamofire.framework",
				"${BUILT_PRODUCTS_DIR}/AlamofireImage/AlamofireImage.framework",
			);
			name = "[CP] Embed Pods Frameworks";
			outputFileListPaths = (
			);
			outputPaths = (
				"${TARGET_BUILD_DIR}/${FRAMEWORKS_FOLDER_PATH}/Alamofire.framework",
				"${TARGET_BUILD_DIR}/${FRAMEWORKS_FOLDER_PATH}/AlamofireImage.framework",
			);
			runOnlyForDeploymentPostprocessing = 0;
			shellPath = /bin/sh;
			shellScript = "\"${PODS_ROOT}/Target Support Files/Pods-flix/Pods-flix-frameworks.sh\"\n";
			showEnvVarsInLog = 0;
		};
		88FE2310AA120484A900659F /* [CP] Check Pods Manifest.lock */ = {
			isa = PBXShellScriptBuildPhase;
			buildActionMask = 2147483647;
			files = (
			);
			inputFileListPaths = (
			);
			inputPaths = (
				"${PODS_PODFILE_DIR_PATH}/Podfile.lock",
				"${PODS_ROOT}/Manifest.lock",
			);
			name = "[CP] Check Pods Manifest.lock";
			outputFileListPaths = (
			);
			outputPaths = (
				"$(DERIVED_FILE_DIR)/Pods-flix-checkManifestLockResult.txt",
			);
			runOnlyForDeploymentPostprocessing = 0;
			shellPath = /bin/sh;
			shellScript = "diff \"${PODS_PODFILE_DIR_PATH}/Podfile.lock\" \"${PODS_ROOT}/Manifest.lock\" > /dev/null\nif [ $? != 0 ] ; then\n    # print error to STDERR\n    echo \"error: The sandbox is not in sync with the Podfile.lock. Run 'pod install' or update your CocoaPods installation.\" >&2\n    exit 1\nfi\n# This output is used by Xcode 'outputs' to avoid re-running this script phase.\necho \"SUCCESS\" > \"${SCRIPT_OUTPUT_FILE_0}\"\n";
			showEnvVarsInLog = 0;
		};
		C196D1D8B2CA13BF17A15B81 /* [CP] Check Pods Manifest.lock */ = {
			isa = PBXShellScriptBuildPhase;
			buildActionMask = 2147483647;
			files = (
			);
			inputFileListPaths = (
			);
			inputPaths = (
				"${PODS_PODFILE_DIR_PATH}/Podfile.lock",
				"${PODS_ROOT}/Manifest.lock",
			);
			name = "[CP] Check Pods Manifest.lock";
			outputFileListPaths = (
			);
			outputPaths = (
				"$(DERIVED_FILE_DIR)/Pods-flixTests-checkManifestLockResult.txt",
			);
			runOnlyForDeploymentPostprocessing = 0;
			shellPath = /bin/sh;
			shellScript = "diff \"${PODS_PODFILE_DIR_PATH}/Podfile.lock\" \"${PODS_ROOT}/Manifest.lock\" > /dev/null\nif [ $? != 0 ] ; then\n    # print error to STDERR\n    echo \"error: The sandbox is not in sync with the Podfile.lock. Run 'pod install' or update your CocoaPods installation.\" >&2\n    exit 1\nfi\n# This output is used by Xcode 'outputs' to avoid re-running this script phase.\necho \"SUCCESS\" > \"${SCRIPT_OUTPUT_FILE_0}\"\n";
			showEnvVarsInLog = 0;
		};
		D9DB0F28F16A7CE5A42836F8 /* [CP] Check Pods Manifest.lock */ = {
			isa = PBXShellScriptBuildPhase;
			buildActionMask = 2147483647;
			files = (
			);
			inputFileListPaths = (
			);
			inputPaths = (
				"${PODS_PODFILE_DIR_PATH}/Podfile.lock",
				"${PODS_ROOT}/Manifest.lock",
			);
			name = "[CP] Check Pods Manifest.lock";
			outputFileListPaths = (
			);
			outputPaths = (
				"$(DERIVED_FILE_DIR)/Pods-flixUITests-checkManifestLockResult.txt",
			);
			runOnlyForDeploymentPostprocessing = 0;
			shellPath = /bin/sh;
			shellScript = "diff \"${PODS_PODFILE_DIR_PATH}/Podfile.lock\" \"${PODS_ROOT}/Manifest.lock\" > /dev/null\nif [ $? != 0 ] ; then\n    # print error to STDERR\n    echo \"error: The sandbox is not in sync with the Podfile.lock. Run 'pod install' or update your CocoaPods installation.\" >&2\n    exit 1\nfi\n# This output is used by Xcode 'outputs' to avoid re-running this script phase.\necho \"SUCCESS\" > \"${SCRIPT_OUTPUT_FILE_0}\"\n";
			showEnvVarsInLog = 0;
		};
/* End PBXShellScriptBuildPhase section */

/* Begin PBXSourcesBuildPhase section */
		5AF8249C221BE1870096CE7A /* Sources */ = {
			isa = PBXSourcesBuildPhase;
			buildActionMask = 2147483647;
			files = (
				5AF824A6221BE1870096CE7A /* ViewController.swift in Sources */,
				5AF824A4221BE1870096CE7A /* AppDelegate.swift in Sources */,
				5AF824D4221BEAD40096CE7A /* MovieCell.swift in Sources */,
				5AF824D2221BE2140096CE7A /* MoviesViewController.swift in Sources */,
			);
			runOnlyForDeploymentPostprocessing = 0;
		};
		5AF824B0221BE1890096CE7A /* Sources */ = {
			isa = PBXSourcesBuildPhase;
			buildActionMask = 2147483647;
			files = (
				5AF824B9221BE1890096CE7A /* flixTests.swift in Sources */,
			);
			runOnlyForDeploymentPostprocessing = 0;
		};
		5AF824BB221BE1890096CE7A /* Sources */ = {
			isa = PBXSourcesBuildPhase;
			buildActionMask = 2147483647;
			files = (
				5AF824C4221BE1890096CE7A /* flixUITests.swift in Sources */,
			);
			runOnlyForDeploymentPostprocessing = 0;
		};
/* End PBXSourcesBuildPhase section */

/* Begin PBXTargetDependency section */
		5AF824B6221BE1890096CE7A /* PBXTargetDependency */ = {
			isa = PBXTargetDependency;
			target = 5AF8249F221BE1870096CE7A /* flix */;
			targetProxy = 5AF824B5221BE1890096CE7A /* PBXContainerItemProxy */;
		};
		5AF824C1221BE1890096CE7A /* PBXTargetDependency */ = {
			isa = PBXTargetDependency;
			target = 5AF8249F221BE1870096CE7A /* flix */;
			targetProxy = 5AF824C0221BE1890096CE7A /* PBXContainerItemProxy */;
		};
/* End PBXTargetDependency section */

/* Begin PBXVariantGroup section */
		5AF824A7221BE1870096CE7A /* Main.storyboard */ = {
			isa = PBXVariantGroup;
			children = (
				5AF824A8221BE1870096CE7A /* Base */,
			);
			name = Main.storyboard;
			sourceTree = "<group>";
		};
		5AF824AC221BE1890096CE7A /* LaunchScreen.storyboard */ = {
			isa = PBXVariantGroup;
			children = (
				5AF824AD221BE1890096CE7A /* Base */,
			);
			name = LaunchScreen.storyboard;
			sourceTree = "<group>";
		};
/* End PBXVariantGroup section */

/* Begin XCBuildConfiguration section */
		5AF824C6221BE1890096CE7A /* Debug */ = {
			isa = XCBuildConfiguration;
			buildSettings = {
				ALWAYS_SEARCH_USER_PATHS = NO;
				CLANG_ANALYZER_NONNULL = YES;
				CLANG_ANALYZER_NUMBER_OBJECT_CONVERSION = YES_AGGRESSIVE;
				CLANG_CXX_LANGUAGE_STANDARD = "gnu++14";
				CLANG_CXX_LIBRARY = "libc++";
				CLANG_ENABLE_MODULES = YES;
				CLANG_ENABLE_OBJC_ARC = YES;
				CLANG_ENABLE_OBJC_WEAK = YES;
				CLANG_WARN_BLOCK_CAPTURE_AUTORELEASING = YES;
				CLANG_WARN_BOOL_CONVERSION = YES;
				CLANG_WARN_COMMA = YES;
				CLANG_WARN_CONSTANT_CONVERSION = YES;
				CLANG_WARN_DEPRECATED_OBJC_IMPLEMENTATIONS = YES;
				CLANG_WARN_DIRECT_OBJC_ISA_USAGE = YES_ERROR;
				CLANG_WARN_DOCUMENTATION_COMMENTS = YES;
				CLANG_WARN_EMPTY_BODY = YES;
				CLANG_WARN_ENUM_CONVERSION = YES;
				CLANG_WARN_INFINITE_RECURSION = YES;
				CLANG_WARN_INT_CONVERSION = YES;
				CLANG_WARN_NON_LITERAL_NULL_CONVERSION = YES;
				CLANG_WARN_OBJC_IMPLICIT_RETAIN_SELF = YES;
				CLANG_WARN_OBJC_LITERAL_CONVERSION = YES;
				CLANG_WARN_OBJC_ROOT_CLASS = YES_ERROR;
				CLANG_WARN_RANGE_LOOP_ANALYSIS = YES;
				CLANG_WARN_STRICT_PROTOTYPES = YES;
				CLANG_WARN_SUSPICIOUS_MOVE = YES;
				CLANG_WARN_UNGUARDED_AVAILABILITY = YES_AGGRESSIVE;
				CLANG_WARN_UNREACHABLE_CODE = YES;
				CLANG_WARN__DUPLICATE_METHOD_MATCH = YES;
				CODE_SIGN_IDENTITY = "iPhone Developer";
				COPY_PHASE_STRIP = NO;
				DEBUG_INFORMATION_FORMAT = dwarf;
				ENABLE_STRICT_OBJC_MSGSEND = YES;
				ENABLE_TESTABILITY = YES;
				GCC_C_LANGUAGE_STANDARD = gnu11;
				GCC_DYNAMIC_NO_PIC = NO;
				GCC_NO_COMMON_BLOCKS = YES;
				GCC_OPTIMIZATION_LEVEL = 0;
				GCC_PREPROCESSOR_DEFINITIONS = (
					"DEBUG=1",
					"$(inherited)",
				);
				GCC_WARN_64_TO_32_BIT_CONVERSION = YES;
				GCC_WARN_ABOUT_RETURN_TYPE = YES_ERROR;
				GCC_WARN_UNDECLARED_SELECTOR = YES;
				GCC_WARN_UNINITIALIZED_AUTOS = YES_AGGRESSIVE;
				GCC_WARN_UNUSED_FUNCTION = YES;
				GCC_WARN_UNUSED_VARIABLE = YES;
				IPHONEOS_DEPLOYMENT_TARGET = 12.1;
				MTL_ENABLE_DEBUG_INFO = INCLUDE_SOURCE;
				MTL_FAST_MATH = YES;
				ONLY_ACTIVE_ARCH = YES;
				SDKROOT = iphoneos;
				SWIFT_ACTIVE_COMPILATION_CONDITIONS = DEBUG;
				SWIFT_OPTIMIZATION_LEVEL = "-Onone";
			};
			name = Debug;
		};
		5AF824C7221BE1890096CE7A /* Release */ = {
			isa = XCBuildConfiguration;
			buildSettings = {
				ALWAYS_SEARCH_USER_PATHS = NO;
				CLANG_ANALYZER_NONNULL = YES;
				CLANG_ANALYZER_NUMBER_OBJECT_CONVERSION = YES_AGGRESSIVE;
				CLANG_CXX_LANGUAGE_STANDARD = "gnu++14";
				CLANG_CXX_LIBRARY = "libc++";
				CLANG_ENABLE_MODULES = YES;
				CLANG_ENABLE_OBJC_ARC = YES;
				CLANG_ENABLE_OBJC_WEAK = YES;
				CLANG_WARN_BLOCK_CAPTURE_AUTORELEASING = YES;
				CLANG_WARN_BOOL_CONVERSION = YES;
				CLANG_WARN_COMMA = YES;
				CLANG_WARN_CONSTANT_CONVERSION = YES;
				CLANG_WARN_DEPRECATED_OBJC_IMPLEMENTATIONS = YES;
				CLANG_WARN_DIRECT_OBJC_ISA_USAGE = YES_ERROR;
				CLANG_WARN_DOCUMENTATION_COMMENTS = YES;
				CLANG_WARN_EMPTY_BODY = YES;
				CLANG_WARN_ENUM_CONVERSION = YES;
				CLANG_WARN_INFINITE_RECURSION = YES;
				CLANG_WARN_INT_CONVERSION = YES;
				CLANG_WARN_NON_LITERAL_NULL_CONVERSION = YES;
				CLANG_WARN_OBJC_IMPLICIT_RETAIN_SELF = YES;
				CLANG_WARN_OBJC_LITERAL_CONVERSION = YES;
				CLANG_WARN_OBJC_ROOT_CLASS = YES_ERROR;
				CLANG_WARN_RANGE_LOOP_ANALYSIS = YES;
				CLANG_WARN_STRICT_PROTOTYPES = YES;
				CLANG_WARN_SUSPICIOUS_MOVE = YES;
				CLANG_WARN_UNGUARDED_AVAILABILITY = YES_AGGRESSIVE;
				CLANG_WARN_UNREACHABLE_CODE = YES;
				CLANG_WARN__DUPLICATE_METHOD_MATCH = YES;
				CODE_SIGN_IDENTITY = "iPhone Developer";
				COPY_PHASE_STRIP = NO;
				DEBUG_INFORMATION_FORMAT = "dwarf-with-dsym";
				ENABLE_NS_ASSERTIONS = NO;
				ENABLE_STRICT_OBJC_MSGSEND = YES;
				GCC_C_LANGUAGE_STANDARD = gnu11;
				GCC_NO_COMMON_BLOCKS = YES;
				GCC_WARN_64_TO_32_BIT_CONVERSION = YES;
				GCC_WARN_ABOUT_RETURN_TYPE = YES_ERROR;
				GCC_WARN_UNDECLARED_SELECTOR = YES;
				GCC_WARN_UNINITIALIZED_AUTOS = YES_AGGRESSIVE;
				GCC_WARN_UNUSED_FUNCTION = YES;
				GCC_WARN_UNUSED_VARIABLE = YES;
				IPHONEOS_DEPLOYMENT_TARGET = 12.1;
				MTL_ENABLE_DEBUG_INFO = NO;
				MTL_FAST_MATH = YES;
				SDKROOT = iphoneos;
				SWIFT_COMPILATION_MODE = wholemodule;
				SWIFT_OPTIMIZATION_LEVEL = "-O";
				VALIDATE_PRODUCT = YES;
			};
			name = Release;
		};
		5AF824C9221BE1890096CE7A /* Debug */ = {
			isa = XCBuildConfiguration;
			baseConfigurationReference = D854D0AB17708860322023E5 /* Pods-flix.debug.xcconfig */;
			buildSettings = {
				ASSETCATALOG_COMPILER_APPICON_NAME = AppIcon;
				CODE_SIGN_STYLE = Automatic;
				INFOPLIST_FILE = flix/Info.plist;
				LD_RUNPATH_SEARCH_PATHS = (
					"$(inherited)",
					"@executable_path/Frameworks",
				);
				PRODUCT_BUNDLE_IDENTIFIER = KD.flix;
				PRODUCT_NAME = "$(TARGET_NAME)";
				SWIFT_VERSION = 4.2;
				TARGETED_DEVICE_FAMILY = "1,2";
			};
			name = Debug;
		};
		5AF824CA221BE1890096CE7A /* Release */ = {
			isa = XCBuildConfiguration;
			baseConfigurationReference = BDB880BC1F3026B61DACDDD6 /* Pods-flix.release.xcconfig */;
			buildSettings = {
				ASSETCATALOG_COMPILER_APPICON_NAME = AppIcon;
				CODE_SIGN_STYLE = Automatic;
				INFOPLIST_FILE = flix/Info.plist;
				LD_RUNPATH_SEARCH_PATHS = (
					"$(inherited)",
					"@executable_path/Frameworks",
				);
				PRODUCT_BUNDLE_IDENTIFIER = KD.flix;
				PRODUCT_NAME = "$(TARGET_NAME)";
				SWIFT_VERSION = 4.2;
				TARGETED_DEVICE_FAMILY = "1,2";
			};
			name = Release;
		};
		5AF824CC221BE1890096CE7A /* Debug */ = {
			isa = XCBuildConfiguration;
			baseConfigurationReference = 0614B29D23CE55577E318213 /* Pods-flixTests.debug.xcconfig */;
			buildSettings = {
				ALWAYS_EMBED_SWIFT_STANDARD_LIBRARIES = YES;
				BUNDLE_LOADER = "$(TEST_HOST)";
				CODE_SIGN_STYLE = Automatic;
				INFOPLIST_FILE = flixTests/Info.plist;
				LD_RUNPATH_SEARCH_PATHS = (
					"$(inherited)",
					"@executable_path/Frameworks",
					"@loader_path/Frameworks",
				);
				PRODUCT_BUNDLE_IDENTIFIER = KD.flixTests;
				PRODUCT_NAME = "$(TARGET_NAME)";
				SWIFT_VERSION = 4.2;
				TARGETED_DEVICE_FAMILY = "1,2";
				TEST_HOST = "$(BUILT_PRODUCTS_DIR)/flix.app/flix";
			};
			name = Debug;
		};
		5AF824CD221BE1890096CE7A /* Release */ = {
			isa = XCBuildConfiguration;
			baseConfigurationReference = E2BA822E8DA386ECE0E058EB /* Pods-flixTests.release.xcconfig */;
			buildSettings = {
				ALWAYS_EMBED_SWIFT_STANDARD_LIBRARIES = YES;
				BUNDLE_LOADER = "$(TEST_HOST)";
				CODE_SIGN_STYLE = Automatic;
				INFOPLIST_FILE = flixTests/Info.plist;
				LD_RUNPATH_SEARCH_PATHS = (
					"$(inherited)",
					"@executable_path/Frameworks",
					"@loader_path/Frameworks",
				);
				PRODUCT_BUNDLE_IDENTIFIER = KD.flixTests;
				PRODUCT_NAME = "$(TARGET_NAME)";
				SWIFT_VERSION = 4.2;
				TARGETED_DEVICE_FAMILY = "1,2";
				TEST_HOST = "$(BUILT_PRODUCTS_DIR)/flix.app/flix";
			};
			name = Release;
		};
		5AF824CF221BE1890096CE7A /* Debug */ = {
			isa = XCBuildConfiguration;
			baseConfigurationReference = 47046C5309487CC8C71C676A /* Pods-flixUITests.debug.xcconfig */;
			buildSettings = {
				ALWAYS_EMBED_SWIFT_STANDARD_LIBRARIES = YES;
				CODE_SIGN_STYLE = Automatic;
				INFOPLIST_FILE = flixUITests/Info.plist;
				LD_RUNPATH_SEARCH_PATHS = (
					"$(inherited)",
					"@executable_path/Frameworks",
					"@loader_path/Frameworks",
				);
				PRODUCT_BUNDLE_IDENTIFIER = KD.flixUITests;
				PRODUCT_NAME = "$(TARGET_NAME)";
				SWIFT_VERSION = 4.2;
				TARGETED_DEVICE_FAMILY = "1,2";
				TEST_TARGET_NAME = flix;
			};
			name = Debug;
		};
		5AF824D0221BE1890096CE7A /* Release */ = {
			isa = XCBuildConfiguration;
			baseConfigurationReference = CD610C02BFCD9EC271C1A637 /* Pods-flixUITests.release.xcconfig */;
			buildSettings = {
				ALWAYS_EMBED_SWIFT_STANDARD_LIBRARIES = YES;
				CODE_SIGN_STYLE = Automatic;
				INFOPLIST_FILE = flixUITests/Info.plist;
				LD_RUNPATH_SEARCH_PATHS = (
					"$(inherited)",
					"@executable_path/Frameworks",
					"@loader_path/Frameworks",
				);
				PRODUCT_BUNDLE_IDENTIFIER = KD.flixUITests;
				PRODUCT_NAME = "$(TARGET_NAME)";
				SWIFT_VERSION = 4.2;
				TARGETED_DEVICE_FAMILY = "1,2";
				TEST_TARGET_NAME = flix;
			};
			name = Release;
		};
/* End XCBuildConfiguration section */

/* Begin XCConfigurationList section */
		5AF8249B221BE1870096CE7A /* Build configuration list for PBXProject "flix" */ = {
			isa = XCConfigurationList;
			buildConfigurations = (
				5AF824C6221BE1890096CE7A /* Debug */,
				5AF824C7221BE1890096CE7A /* Release */,
			);
			defaultConfigurationIsVisible = 0;
			defaultConfigurationName = Release;
		};
		5AF824C8221BE1890096CE7A /* Build configuration list for PBXNativeTarget "flix" */ = {
			isa = XCConfigurationList;
			buildConfigurations = (
				5AF824C9221BE1890096CE7A /* Debug */,
				5AF824CA221BE1890096CE7A /* Release */,
			);
			defaultConfigurationIsVisible = 0;
			defaultConfigurationName = Release;
		};
		5AF824CB221BE1890096CE7A /* Build configuration list for PBXNativeTarget "flixTests" */ = {
			isa = XCConfigurationList;
			buildConfigurations = (
				5AF824CC221BE1890096CE7A /* Debug */,
				5AF824CD221BE1890096CE7A /* Release */,
			);
			defaultConfigurationIsVisible = 0;
			defaultConfigurationName = Release;
		};
		5AF824CE221BE1890096CE7A /* Build configuration list for PBXNativeTarget "flixUITests" */ = {
			isa = XCConfigurationList;
			buildConfigurations = (
				5AF824CF221BE1890096CE7A /* Debug */,
				5AF824D0221BE1890096CE7A /* Release */,
			);
			defaultConfigurationIsVisible = 0;
			defaultConfigurationName = Release;
		};
/* End XCConfigurationList section */
	};
	rootObject = 5AF82498221BE1870096CE7A /* Project object */;
}
